
Microsoft Visual Studio Solution File, Format Version 12.00
# Visual Studio 15
VisualStudioVersion = 15.0.28307.329
MinimumVisualStudioVersion = 10.0.40219.1
Project("{FAE04EC0-301F-11D3-BF4B-00C04F79EFBC}") = "Task3", "Task3\Task3.csproj", "{42501ED0-5069-456E-A10B-FC2839E87647}"
EndProject
Global
	GlobalSection(SolutionConfigurationPlatforms) = preSolution
		Debug|Any CPU = Debug|Any CPU
		Release|Any CPU = Release|Any CPU
	EndGlobalSection
	GlobalSection(ProjectConfigurationPlatforms) = postSolution
		{42501ED0-5069-456E-A10B-FC2839E87647}.Debug|Any CPU.ActiveCfg = Debug|Any CPU
		{42501ED0-5069-456E-A10B-FC2839E87647}.Debug|Any CPU.Build.0 = Debug|Any CPU
		{42501ED0-5069-456E-A10B-FC2839E87647}.Release|Any CPU.ActiveCfg = Release|Any CPU
		{42501ED0-5069-456E-A10B-FC2839E87647}.Release|Any CPU.Build.0 = Release|Any CPU
	EndGlobalSection
	GlobalSection(SolutionProperties) = preSolution
		HideSolutionNode = FALSE
	EndGlobalSection
	GlobalSection(ExtensibilityGlobals) = postSolution
		SolutionGuid = {1548E777-48F6-496D-9015-E9D915FF64E9}
	EndGlobalSection
EndGlobal
