
Microsoft Visual Studio Solution File, Format Version 12.00
# Visual Studio 15
VisualStudioVersion = 15.0.28307.329
MinimumVisualStudioVersion = 10.0.40219.1
Project("{FAE04EC0-301F-11D3-BF4B-00C04F79EFBC}") = "Task4", "Task4\Task4.csproj", "{344040F0-C92C-44E6-B859-5589AB4CC4F6}"
EndProject
Global
	GlobalSection(SolutionConfigurationPlatforms) = preSolution
		Debug|Any CPU = Debug|Any CPU
		Release|Any CPU = Release|Any CPU
	EndGlobalSection
	GlobalSection(ProjectConfigurationPlatforms) = postSolution
		{344040F0-C92C-44E6-B859-5589AB4CC4F6}.Debug|Any CPU.ActiveCfg = Debug|Any CPU
		{344040F0-C92C-44E6-B859-5589AB4CC4F6}.Debug|Any CPU.Build.0 = Debug|Any CPU
		{344040F0-C92C-44E6-B859-5589AB4CC4F6}.Release|Any CPU.ActiveCfg = Release|Any CPU
		{344040F0-C92C-44E6-B859-5589AB4CC4F6}.Release|Any CPU.Build.0 = Release|Any CPU
	EndGlobalSection
	GlobalSection(SolutionProperties) = preSolution
		HideSolutionNode = FALSE
	EndGlobalSection
	GlobalSection(ExtensibilityGlobals) = postSolution
		SolutionGuid = {CD3A6E35-9BC1-488C-87F3-F2CA5A7AA5BC}
	EndGlobalSection
EndGlobal
